{
  "name": "Package_Manager",
  "version": "1.0.0",
  "lockfileVersion": 3,
  "requires": true,
  "packages": {
    "": {
      "name": "Package_Manager",
      "version": "1.0.0",
      "license": "ISC",
      "dependencies": {
        "package_creator": "file:../Package_Creator",
        "Package_Deletor": "file:../Package_Deletor",
        "terminal_asker": "file:../Terminal_Asker"
      }
    },
    "../Package_Creator": {
      "name": "package_creator",
      "version": "1.0.0",
      "license": "ISC",
      "dependencies": {
        "github_manager": "file:../Github_Manager",
        "json_saver": "file:../JSON_Saver",
        "package_configurer": "file:../Package_Configurer",
        "repository_cloner": "file:../Repository_Cloner",
        "sibling_folder_reader": "file:../Sibling_Folder_Reader",
        "terminal_asker": "file:../Terminal_Asker"
      }
    },
    "../Package_Deletor": {
      "version": "1.0.0",
      "license": "ISC",
      "dependencies": {
        "github_manager": "file:../Github_Manager",
        "sibling_folder_reader": "file:../Sibling_Folder_Reader",
        "terminal_asker": "file:../Terminal_Asker"
      }
    },
    "../Terminal_Asker": {
      "name": "terminal_asker",
      "version": "1.0.0",
      "license": "ISC",
      "dependencies": {
        "inquirer": "^9.2.15"
      }
    },
    "node_modules/package_creator": {
      "resolved": "../Package_Creator",
      "link": true
    },
    "node_modules/Package_Deletor": {
      "resolved": "../Package_Deletor",
      "link": true
    },
    "node_modules/terminal_asker": {
      "resolved": "../Terminal_Asker",
      "link": true
    }
  }
}
